
Microsoft Visual Studio Solution File, Format Version 12.00
# Visual Studio Version 16
VisualStudioVersion = 16.0.31129.286
MinimumVisualStudioVersion = 10.0.40219.1
Project("{9A19103F-16F7-4668-BE54-9A1E7A4F7556}") = "DotnetTricks", "DotnetTricks.csproj", "{FAC71D60-79F6-4AC6-B3D8-C29D046CCCF7}"
EndProject
Project("{FAE04EC0-301F-11D3-BF4B-00C04F79EFBC}") = "cIntro", "..\cIntro\cIntro.csproj", "{3564580E-D111-4E26-9EA2-9713AD38122B}"
EndProject
Global
	GlobalSection(SolutionConfigurationPlatforms) = preSolution
		Debug|Any CPU = Debug|Any CPU
		Release|Any CPU = Release|Any CPU
	EndGlobalSection
	GlobalSection(ProjectConfigurationPlatforms) = postSolution
		{FAC71D60-79F6-4AC6-B3D8-C29D046CCCF7}.Debug|Any CPU.ActiveCfg = Debug|Any CPU
		{FAC71D60-79F6-4AC6-B3D8-C29D046CCCF7}.Debug|Any CPU.Build.0 = Debug|Any CPU
		{FAC71D60-79F6-4AC6-B3D8-C29D046CCCF7}.Release|Any CPU.ActiveCfg = Release|Any CPU
		{FAC71D60-79F6-4AC6-B3D8-C29D046CCCF7}.Release|Any CPU.Build.0 = Release|Any CPU
		{3564580E-D111-4E26-9EA2-9713AD38122B}.Debug|Any CPU.ActiveCfg = Debug|Any CPU
		{3564580E-D111-4E26-9EA2-9713AD38122B}.Debug|Any CPU.Build.0 = Debug|Any CPU
		{3564580E-D111-4E26-9EA2-9713AD38122B}.Release|Any CPU.ActiveCfg = Release|Any CPU
		{3564580E-D111-4E26-9EA2-9713AD38122B}.Release|Any CPU.Build.0 = Release|Any CPU
	EndGlobalSection
	GlobalSection(SolutionProperties) = preSolution
		HideSolutionNode = FALSE
	EndGlobalSection
	GlobalSection(ExtensibilityGlobals) = postSolution
		SolutionGuid = {7E19E13E-CE4A-4282-9A20-04EA7096B369}
	EndGlobalSection
EndGlobal
